
Microsoft Visual Studio Solution File, Format Version 12.00
# Visual Studio Version 17
VisualStudioVersion = 17.6.33801.468
MinimumVisualStudioVersion = 10.0.40219.1
Project("{FAE04EC0-301F-11D3-BF4B-00C04F79EFBC}") = "Exercitiu9", "Exercitiu9\Exercitiu9.csproj", "{327B0F4C-B86C-4846-8748-BE03269617B0}"
EndProject
Global
	GlobalSection(SolutionConfigurationPlatforms) = preSolution
		Debug|Any CPU = Debug|Any CPU
		Release|Any CPU = Release|Any CPU
	EndGlobalSection
	GlobalSection(ProjectConfigurationPlatforms) = postSolution
		{327B0F4C-B86C-4846-8748-BE03269617B0}.Debug|Any CPU.ActiveCfg = Debug|Any CPU
		{327B0F4C-B86C-4846-8748-BE03269617B0}.Debug|Any CPU.Build.0 = Debug|Any CPU
		{327B0F4C-B86C-4846-8748-BE03269617B0}.Release|Any CPU.ActiveCfg = Release|Any CPU
		{327B0F4C-B86C-4846-8748-BE03269617B0}.Release|Any CPU.Build.0 = Release|Any CPU
	EndGlobalSection
	GlobalSection(SolutionProperties) = preSolution
		HideSolutionNode = FALSE
	EndGlobalSection
	GlobalSection(ExtensibilityGlobals) = postSolution
		SolutionGuid = {C8F62E27-9E3C-47A7-98C3-3880A6D06A1D}
	EndGlobalSection
EndGlobal
