
Microsoft Visual Studio Solution File, Format Version 12.00
# Visual Studio Version 17
VisualStudioVersion = 17.6.33801.468
MinimumVisualStudioVersion = 10.0.40219.1
Project("{FAE04EC0-301F-11D3-BF4B-00C04F79EFBC}") = "Exercitiu6", "Exercitiu6\Exercitiu6.csproj", "{819218A7-3444-4E75-A9E9-61439A391DD8}"
EndProject
Global
	GlobalSection(SolutionConfigurationPlatforms) = preSolution
		Debug|Any CPU = Debug|Any CPU
		Release|Any CPU = Release|Any CPU
	EndGlobalSection
	GlobalSection(ProjectConfigurationPlatforms) = postSolution
		{819218A7-3444-4E75-A9E9-61439A391DD8}.Debug|Any CPU.ActiveCfg = Debug|Any CPU
		{819218A7-3444-4E75-A9E9-61439A391DD8}.Debug|Any CPU.Build.0 = Debug|Any CPU
		{819218A7-3444-4E75-A9E9-61439A391DD8}.Release|Any CPU.ActiveCfg = Release|Any CPU
		{819218A7-3444-4E75-A9E9-61439A391DD8}.Release|Any CPU.Build.0 = Release|Any CPU
	EndGlobalSection
	GlobalSection(SolutionProperties) = preSolution
		HideSolutionNode = FALSE
	EndGlobalSection
	GlobalSection(ExtensibilityGlobals) = postSolution
		SolutionGuid = {C2597840-BB4D-4BA7-BAC3-075AB85A36A3}
	EndGlobalSection
EndGlobal
