
Microsoft Visual Studio Solution File, Format Version 12.00
# Visual Studio Version 17
VisualStudioVersion = 17.6.33801.468
MinimumVisualStudioVersion = 10.0.40219.1
Project("{FAE04EC0-301F-11D3-BF4B-00C04F79EFBC}") = "Strings4", "Strings4\Strings4.csproj", "{D41E1E02-E3AD-4054-B1CE-C028F8ABBC3A}"
EndProject
Global
	GlobalSection(SolutionConfigurationPlatforms) = preSolution
		Debug|Any CPU = Debug|Any CPU
		Release|Any CPU = Release|Any CPU
	EndGlobalSection
	GlobalSection(ProjectConfigurationPlatforms) = postSolution
		{D41E1E02-E3AD-4054-B1CE-C028F8ABBC3A}.Debug|Any CPU.ActiveCfg = Debug|Any CPU
		{D41E1E02-E3AD-4054-B1CE-C028F8ABBC3A}.Debug|Any CPU.Build.0 = Debug|Any CPU
		{D41E1E02-E3AD-4054-B1CE-C028F8ABBC3A}.Release|Any CPU.ActiveCfg = Release|Any CPU
		{D41E1E02-E3AD-4054-B1CE-C028F8ABBC3A}.Release|Any CPU.Build.0 = Release|Any CPU
	EndGlobalSection
	GlobalSection(SolutionProperties) = preSolution
		HideSolutionNode = FALSE
	EndGlobalSection
	GlobalSection(ExtensibilityGlobals) = postSolution
		SolutionGuid = {DF390F0C-9BCF-4B99-A2E2-A0E7E15D79A5}
	EndGlobalSection
EndGlobal
